github.com/unrealities/sabermetrics v0.1.2 h1:n5bhmST3+h/wIwBi3YvlKdSHwYvMpR4lNtcaduE7rvc=
github.com/unrealities/sabermetrics v0.1.2/go.mod h1:EFacWASnJOhJMDAoDWznDrTh9RhCjKXBhjT+ZAc7Tyw=
github.com/unrealities/warning-track-backend/mlbstats v0.2.14 h1:BgMcBfy8PZuslZwvkNG+KSN9qmvvlbL/SrSxK19KyLw=
github.com/unrealities/warning-track-backend/mlbstats v0.2.14/go.mod h1:S4BS5oyeuw6L57r5bqoywxedk3nFmUCEe5x7FnpC43s=
