github.com/unrealities/warning-track-backend/mlbstats v0.2.8 h1:pl8QGOEHdo+yspsKLjyMqRworS/y3QBcpTu9fVjvciU=
github.com/unrealities/warning-track-backend/mlbstats v0.2.8/go.mod h1:S4BS5oyeuw6L57r5bqoywxedk3nFmUCEe5x7FnpC43s=
github.com/unrealities/warning-track-backend/mlbstats v0.2.9 h1:xfLe06KAUTB0GtN/R29hRJanI8nlPccO+dKyu4uUxdg=
github.com/unrealities/warning-track-backend/mlbstats v0.2.9/go.mod h1:S4BS5oyeuw6L57r5bqoywxedk3nFmUCEe5x7FnpC43s=
github.com/unrealities/warning-track-backend/mlbstats v0.2.10 h1:cAKy9EdPT7P/4jQbto7WvV548teCheuzTmj11m/8XwA=
github.com/unrealities/warning-track-backend/mlbstats v0.2.10/go.mod h1:S4BS5oyeuw6L57r5bqoywxedk3nFmUCEe5x7FnpC43s=
